{
    "_readme": [
        "This file locks the dependencies of your project to a known state",
        "Read more about it at https://getcomposer.org/doc/01-basic-usage.md#installing-dependencies",
        "This file is @generated automatically"
    ],
    "content-hash": "54276d1bb9e961a08d8d790f7f3402d4",
    "packages": [
        {
            "name": "chriskacerguis/codeigniter-restserver",
            "version": "dev-master",
            "source": {
                "type": "git",
                "url": "https://github.com/chriskacerguis/codeigniter-restserver.git",
                "reference": "becfe9b44b6239d12663feafd13cbf6dc2d80c40"
            },
            "dist": {
                "type": "zip",
                "url": "https://api.github.com/repos/chriskacerguis/codeigniter-restserver/zipball/becfe9b44b6239d12663feafd13cbf6dc2d80c40",
                "reference": "becfe9b44b6239d12663feafd13cbf6dc2d80c40",
                "shasum": ""
            },
            "type": "library",
            "autoload": {
                "psr-4": {
                    "chriskacerguis\\RestServer\\": "src/"
                }
            },
            "notification-url": "https://packagist.org/downloads/",
            "license": [
                "MIT"
            ],
            "authors": [
                {
                    "name": "Chris Kacerguis",
                    "email": "chriskacerguis@gmail.com"
                }
            ],
            "description": "CI Rest Server",
            "time": "2020-05-06T22:27:48+00:00"
        }
    ],
    "packages-dev": [],
    "aliases": [],
    "minimum-stability": "stable",
    "stability-flags": {
        "chriskacerguis/codeigniter-restserver": 20
    },
    "prefer-stable": false,
    "prefer-lowest": false,
    "platform": [],
    "platform-dev": []
}
